
Microsoft Visual Studio Solution File, Format Version 12.00
# Visual Studio Version 17
VisualStudioVersion = 17.6.33815.320
MinimumVisualStudioVersion = 10.0.40219.1
Project("{FAE04EC0-301F-11D3-BF4B-00C04F79EFBC}") = "Vinoteca.Entidades", "Vinoteca.Entidades\Vinoteca.Entidades.csproj", "{DC9F1A0A-BC96-493F-AFF0-688EDE43F865}"
EndProject
Project("{FAE04EC0-301F-11D3-BF4B-00C04F79EFBC}") = "Vinoteca.Servicios", "Vinoteca.Servicios\Vinoteca.Servicios.csproj", "{F71A6B70-1B17-4EB7-87B6-46CAD6F85957}"
EndProject
Project("{FAE04EC0-301F-11D3-BF4B-00C04F79EFBC}") = "Vinoteca.Datos", "Vinoteca.Datos\Vinoteca.Datos.csproj", "{89FD8F6C-DBBB-4188-A3AD-95DF687CA6F7}"
EndProject
Project("{FAE04EC0-301F-11D3-BF4B-00C04F79EFBC}") = "Vinoteca.Web", "Vinoteca.Web\Vinoteca.Web.csproj", "{08D05685-C085-446C-9710-0F4CD48F7D1A}"
EndProject
Global
	GlobalSection(SolutionConfigurationPlatforms) = preSolution
		Debug|Any CPU = Debug|Any CPU
		Release|Any CPU = Release|Any CPU
	EndGlobalSection
	GlobalSection(ProjectConfigurationPlatforms) = postSolution
		{DC9F1A0A-BC96-493F-AFF0-688EDE43F865}.Debug|Any CPU.ActiveCfg = Debug|Any CPU
		{DC9F1A0A-BC96-493F-AFF0-688EDE43F865}.Debug|Any CPU.Build.0 = Debug|Any CPU
		{DC9F1A0A-BC96-493F-AFF0-688EDE43F865}.Release|Any CPU.ActiveCfg = Release|Any CPU
		{DC9F1A0A-BC96-493F-AFF0-688EDE43F865}.Release|Any CPU.Build.0 = Release|Any CPU
		{F71A6B70-1B17-4EB7-87B6-46CAD6F85957}.Debug|Any CPU.ActiveCfg = Debug|Any CPU
		{F71A6B70-1B17-4EB7-87B6-46CAD6F85957}.Debug|Any CPU.Build.0 = Debug|Any CPU
		{F71A6B70-1B17-4EB7-87B6-46CAD6F85957}.Release|Any CPU.ActiveCfg = Release|Any CPU
		{F71A6B70-1B17-4EB7-87B6-46CAD6F85957}.Release|Any CPU.Build.0 = Release|Any CPU
		{89FD8F6C-DBBB-4188-A3AD-95DF687CA6F7}.Debug|Any CPU.ActiveCfg = Debug|Any CPU
		{89FD8F6C-DBBB-4188-A3AD-95DF687CA6F7}.Debug|Any CPU.Build.0 = Debug|Any CPU
		{89FD8F6C-DBBB-4188-A3AD-95DF687CA6F7}.Release|Any CPU.ActiveCfg = Release|Any CPU
		{89FD8F6C-DBBB-4188-A3AD-95DF687CA6F7}.Release|Any CPU.Build.0 = Release|Any CPU
		{08D05685-C085-446C-9710-0F4CD48F7D1A}.Debug|Any CPU.ActiveCfg = Debug|Any CPU
		{08D05685-C085-446C-9710-0F4CD48F7D1A}.Debug|Any CPU.Build.0 = Debug|Any CPU
		{08D05685-C085-446C-9710-0F4CD48F7D1A}.Release|Any CPU.ActiveCfg = Release|Any CPU
		{08D05685-C085-446C-9710-0F4CD48F7D1A}.Release|Any CPU.Build.0 = Release|Any CPU
	EndGlobalSection
	GlobalSection(SolutionProperties) = preSolution
		HideSolutionNode = FALSE
	EndGlobalSection
	GlobalSection(ExtensibilityGlobals) = postSolution
		SolutionGuid = {C2200E19-0CE4-4A7F-988C-568124EA8DCB}
	EndGlobalSection
EndGlobal
