
Microsoft Visual Studio Solution File, Format Version 12.00
# Visual Studio Version 17
VisualStudioVersion = 17.6.33815.320
MinimumVisualStudioVersion = 10.0.40219.1
Project("{FAE04EC0-301F-11D3-BF4B-00C04F79EFBC}") = "Vinoteca", "Vinoteca\Vinoteca.csproj", "{32FD8684-B551-41C0-9287-2D56645EC2A0}"
EndProject
Global
	GlobalSection(SolutionConfigurationPlatforms) = preSolution
		Debug|Any CPU = Debug|Any CPU
		Release|Any CPU = Release|Any CPU
	EndGlobalSection
	GlobalSection(ProjectConfigurationPlatforms) = postSolution
		{32FD8684-B551-41C0-9287-2D56645EC2A0}.Debug|Any CPU.ActiveCfg = Debug|Any CPU
		{32FD8684-B551-41C0-9287-2D56645EC2A0}.Debug|Any CPU.Build.0 = Debug|Any CPU
		{32FD8684-B551-41C0-9287-2D56645EC2A0}.Release|Any CPU.ActiveCfg = Release|Any CPU
		{32FD8684-B551-41C0-9287-2D56645EC2A0}.Release|Any CPU.Build.0 = Release|Any CPU
	EndGlobalSection
	GlobalSection(SolutionProperties) = preSolution
		HideSolutionNode = FALSE
	EndGlobalSection
	GlobalSection(ExtensibilityGlobals) = postSolution
		SolutionGuid = {C2200E19-0CE4-4A7F-988C-568124EA8DCB}
	EndGlobalSection
EndGlobal
